// !$*UTF8*$!
{
	archiveVersion = 1;
	classes = {
	};
	objectVersion = 50;
	objects = {

/* Begin PBXBuildFile section */
		F55B8C2C26B9317D00954378 /* logInViewController.swift in Sources */ = {isa = PBXBuildFile; fileRef = F55B8C2B26B9317D00954378 /* logInViewController.swift */; };
		F55B8C2E26B9701C00954378 /* testListTableViewController.swift in Sources */ = {isa = PBXBuildFile; fileRef = F55B8C2D26B9701C00954378 /* testListTableViewController.swift */; };
		F5B273A326B412E10088ADA7 /* AppDelegate.swift in Sources */ = {isa = PBXBuildFile; fileRef = F5B273A226B412E10088ADA7 /* AppDelegate.swift */; };
		F5B273A526B412E10088ADA7 /* SceneDelegate.swift in Sources */ = {isa = PBXBuildFile; fileRef = F5B273A426B412E10088ADA7 /* SceneDelegate.swift */; };
		F5B273A726B412E10088ADA7 /* ViewController.swift in Sources */ = {isa = PBXBuildFile; fileRef = F5B273A626B412E10088ADA7 /* ViewController.swift */; };
		F5B273AA26B412E10088ADA7 /* Main.storyboard in Resources */ = {isa = PBXBuildFile; fileRef = F5B273A826B412E10088ADA7 /* Main.storyboard */; };
		F5B273AC26B412E50088ADA7 /* Assets.xcassets in Resources */ = {isa = PBXBuildFile; fileRef = F5B273AB26B412E50088ADA7 /* Assets.xcassets */; };
		F5B273AF26B412E50088ADA7 /* LaunchScreen.storyboard in Resources */ = {isa = PBXBuildFile; fileRef = F5B273AD26B412E50088ADA7 /* LaunchScreen.storyboard */; };
		F5E51CEC26BFBC1500C1D6B9 /* detailViewController.swift in Sources */ = {isa = PBXBuildFile; fileRef = F5E51CEB26BFBC1500C1D6B9 /* detailViewController.swift */; };
/* End PBXBuildFile section */

/* Begin PBXFileReference section */
		F55B8C2B26B9317D00954378 /* logInViewController.swift */ = {isa = PBXFileReference; lastKnownFileType = sourcecode.swift; path = logInViewController.swift; sourceTree = "<group>"; };
		F55B8C2D26B9701C00954378 /* testListTableViewController.swift */ = {isa = PBXFileReference; lastKnownFileType = sourcecode.swift; path = testListTableViewController.swift; sourceTree = "<group>"; };
		F5B2739F26B412E10088ADA7 /* Poket Interview.app */ = {isa = PBXFileReference; explicitFileType = wrapper.application; includeInIndex = 0; path = "Poket Interview.app"; sourceTree = BUILT_PRODUCTS_DIR; };
		F5B273A226B412E10088ADA7 /* AppDelegate.swift */ = {isa = PBXFileReference; lastKnownFileType = sourcecode.swift; path = AppDelegate.swift; sourceTree = "<group>"; };
		F5B273A426B412E10088ADA7 /* SceneDelegate.swift */ = {isa = PBXFileReference; lastKnownFileType = sourcecode.swift; path = SceneDelegate.swift; sourceTree = "<group>"; };
		F5B273A626B412E10088ADA7 /* ViewController.swift */ = {isa = PBXFileReference; lastKnownFileType = sourcecode.swift; path = ViewController.swift; sourceTree = "<group>"; };
		F5B273A926B412E10088ADA7 /* Base */ = {isa = PBXFileReference; lastKnownFileType = file.storyboard; name = Base; path = Base.lproj/Main.storyboard; sourceTree = "<group>"; };
		F5B273AB26B412E50088ADA7 /* Assets.xcassets */ = {isa = PBXFileReference; lastKnownFileType = folder.assetcatalog; path = Assets.xcassets; sourceTree = "<group>"; };
		F5B273AE26B412E50088ADA7 /* Base */ = {isa = PBXFileReference; lastKnownFileType = file.storyboard; name = Base; path = Base.lproj/LaunchScreen.storyboard; sourceTree = "<group>"; };
		F5B273B026B412E50088ADA7 /* Info.plist */ = {isa = PBXFileReference; lastKnownFileType = text.plist.xml; path = Info.plist; sourceTree = "<group>"; };
		F5E51CEB26BFBC1500C1D6B9 /* detailViewController.swift */ = {isa = PBXFileReference; lastKnownFileType = sourcecode.swift; path = detailViewController.swift; sourceTree = "<group>"; };
/* End PBXFileReference section */

/* Begin PBXFrameworksBuildPhase section */
		F5B2739C26B412E10088ADA7 /* Frameworks */ = {
			isa = PBXFrameworksBuildPhase;
			buildActionMask = 2147483647;
			files = (
			);
			runOnlyForDeploymentPostprocessing = 0;
		};
/* End PBXFrameworksBuildPhase section */

/* Begin PBXGroup section */
		F5B2739626B412E00088ADA7 = {
			isa = PBXGroup;
			children = (
				F5B273A126B412E10088ADA7 /* Poket Interview */,
				F5B273A026B412E10088ADA7 /* Products */,
			);
			sourceTree = "<group>";
		};
		F5B273A026B412E10088ADA7 /* Products */ = {
			isa = PBXGroup;
			children = (
				F5B2739F26B412E10088ADA7 /* Poket Interview.app */,
			);
			name = Products;
			sourceTree = "<group>";
		};
		F5B273A126B412E10088ADA7 /* Poket Interview */ = {
			isa = PBXGroup;
			children = (
				F5B273A226B412E10088ADA7 /* AppDelegate.swift */,
				F5B273A426B412E10088ADA7 /* SceneDelegate.swift */,
				F5B273A626B412E10088ADA7 /* ViewController.swift */,
				F5B273A826B412E10088ADA7 /* Main.storyboard */,
				F5B273AB26B412E50088ADA7 /* Assets.xcassets */,
				F5B273AD26B412E50088ADA7 /* LaunchScreen.storyboard */,
				F5B273B026B412E50088ADA7 /* Info.plist */,
				F55B8C2B26B9317D00954378 /* logInViewController.swift */,
				F55B8C2D26B9701C00954378 /* testListTableViewController.swift */,
				F5E51CEB26BFBC1500C1D6B9 /* detailViewController.swift */,
			);
			path = "Poket Interview";
			sourceTree = "<group>";
		};
/* End PBXGroup section */

/* Begin PBXNativeTarget section */
		F5B2739E26B412E10088ADA7 /* Poket Interview */ = {
			isa = PBXNativeTarget;
			buildConfigurationList = F5B273B326B412E50088ADA7 /* Build configuration list for PBXNativeTarget "Poket Interview" */;
			buildPhases = (
				F5B2739B26B412E10088ADA7 /* Sources */,
				F5B2739C26B412E10088ADA7 /* Frameworks */,
				F5B2739D26B412E10088ADA7 /* Resources */,
			);
			buildRules = (
			);
			dependencies = (
			);
			name = "Poket Interview";
			productName = "Poket Interview";
			productReference = F5B2739F26B412E10088ADA7 /* Poket Interview.app */;
			productType = "com.apple.product-type.application";
		};
/* End PBXNativeTarget section */

/* Begin PBXProject section */
		F5B2739726B412E00088ADA7 /* Project object */ = {
			isa = PBXProject;
			attributes = {
				LastSwiftUpdateCheck = 1250;
				LastUpgradeCheck = 1250;
				TargetAttributes = {
					F5B2739E26B412E10088ADA7 = {
						CreatedOnToolsVersion = 12.5;
					};
				};
			};
			buildConfigurationList = F5B2739A26B412E00088ADA7 /* Build configuration list for PBXProject "Poket Interview" */;
			compatibilityVersion = "Xcode 9.3";
			developmentRegion = en;
			hasScannedForEncodings = 0;
			knownRegions = (
				en,
				Base,
			);
			mainGroup = F5B2739626B412E00088ADA7;
			productRefGroup = F5B273A026B412E10088ADA7 /* Products */;
			projectDirPath = "";
			projectRoot = "";
			targets = (
				F5B2739E26B412E10088ADA7 /* Poket Interview */,
			);
		};
/* End PBXProject section */

/* Begin PBXResourcesBuildPhase section */
		F5B2739D26B412E10088ADA7 /* Resources */ = {
			isa = PBXResourcesBuildPhase;
			buildActionMask = 2147483647;
			files = (
				F5B273AF26B412E50088ADA7 /* LaunchScreen.storyboard in Resources */,
				F5B273AC26B412E50088ADA7 /* Assets.xcassets in Resources */,
				F5B273AA26B412E10088ADA7 /* Main.storyboard in Resources */,
			);
			runOnlyForDeploymentPostprocessing = 0;
		};
/* End PBXResourcesBuildPhase section */

/* Begin PBXSourcesBuildPhase section */
		F5B2739B26B412E10088ADA7 /* Sources */ = {
			isa = PBXSourcesBuildPhase;
			buildActionMask = 2147483647;
			files = (
				F55B8C2C26B9317D00954378 /* logInViewController.swift in Sources */,
				F5B273A726B412E10088ADA7 /* ViewController.swift in Sources */,
				F55B8C2E26B9701C00954378 /* testListTableViewController.swift in Sources */,
				F5B273A326B412E10088ADA7 /* AppDelegate.swift in Sources */,
				F5B273A526B412E10088ADA7 /* SceneDelegate.swift in Sources */,
				F5E51CEC26BFBC1500C1D6B9 /* detailViewController.swift in Sources */,
			);
			runOnlyForDeploymentPostprocessing = 0;
		};
/* End PBXSourcesBuildPhase section */

/* Begin PBXVariantGroup section */
		F5B273A826B412E10088ADA7 /* Main.storyboard */ = {
			isa = PBXVariantGroup;
			children = (
				F5B273A926B412E10088ADA7 /* Base */,
			);
			name = Main.storyboard;
			sourceTree = "<group>";
		};
		F5B273AD26B412E50088ADA7 /* LaunchScreen.storyboard */ = {
			isa = PBXVariantGroup;
			children = (
				F5B273AE26B412E50088ADA7 /* Base */,
			);
			name = LaunchScreen.storyboard;
			sourceTree = "<group>";
		};
/* End PBXVariantGroup section */

/* Begin XCBuildConfiguration section */
		F5B273B126B412E50088ADA7 /* Debug */ = {
			isa = XCBuildConfiguration;
			buildSettings = {
				ALWAYS_SEARCH_USER_PATHS = NO;
				CLANG_ANALYZER_NONNULL = YES;
				CLANG_ANALYZER_NUMBER_OBJECT_CONVERSION = YES_AGGRESSIVE;
				CLANG_CXX_LANGUAGE_STANDARD = "gnu++14";
				CLANG_CXX_LIBRARY = "libc++";
				CLANG_ENABLE_MODULES = YES;
				CLANG_ENABLE_OBJC_ARC = YES;
				CLANG_ENABLE_OBJC_WEAK = YES;
				CLANG_WARN_BLOCK_CAPTURE_AUTORELEASING = YES;
				CLANG_WARN_BOOL_CONVERSION = YES;
				CLANG_WARN_COMMA = YES;
				CLANG_WARN_CONSTANT_CONVERSION = YES;
				CLANG_WARN_DEPRECATED_OBJC_IMPLEMENTATIONS = YES;
				CLANG_WARN_DIRECT_OBJC_ISA_USAGE = YES_ERROR;
				CLANG_WARN_DOCUMENTATION_COMMENTS = YES;
				CLANG_WARN_EMPTY_BODY = YES;
				CLANG_WARN_ENUM_CONVERSION = YES;
				CLANG_WARN_INFINITE_RECURSION = YES;
				CLANG_WARN_INT_CONVERSION = YES;
				CLANG_WARN_NON_LITERAL_NULL_CONVERSION = YES;
				CLANG_WARN_OBJC_IMPLICIT_RETAIN_SELF = YES;
				CLANG_WARN_OBJC_LITERAL_CONVERSION = YES;
				CLANG_WARN_OBJC_ROOT_CLASS = YES_ERROR;
				CLANG_WARN_QUOTED_INCLUDE_IN_FRAMEWORK_HEADER = YES;
				CLANG_WARN_RANGE_LOOP_ANALYSIS = YES;
				CLANG_WARN_STRICT_PROTOTYPES = YES;
				CLANG_WARN_SUSPICIOUS_MOVE = YES;
				CLANG_WARN_UNGUARDED_AVAILABILITY = YES_AGGRESSIVE;
				CLANG_WARN_UNREACHABLE_CODE = YES;
				CLANG_WARN__DUPLICATE_METHOD_MATCH = YES;
				COPY_PHASE_STRIP = NO;
				DEBUG_INFORMATION_FORMAT = dwarf;
				ENABLE_STRICT_OBJC_MSGSEND = YES;
				ENABLE_TESTABILITY = YES;
				GCC_C_LANGUAGE_STANDARD = gnu11;
				GCC_DYNAMIC_NO_PIC = NO;
				GCC_NO_COMMON_BLOCKS = YES;
				GCC_OPTIMIZATION_LEVEL = 0;
				GCC_PREPROCESSOR_DEFINITIONS = (
					"DEBUG=1",
					"$(inherited)",
				);
				GCC_WARN_64_TO_32_BIT_CONVERSION = YES;
				GCC_WARN_ABOUT_RETURN_TYPE = YES_ERROR;
				GCC_WARN_UNDECLARED_SELECTOR = YES;
				GCC_WARN_UNINITIALIZED_AUTOS = YES_AGGRESSIVE;
				GCC_WARN_UNUSED_FUNCTION = YES;
				GCC_WARN_UNUSED_VARIABLE = YES;
				IPHONEOS_DEPLOYMENT_TARGET = 14.5;
				MTL_ENABLE_DEBUG_INFO = INCLUDE_SOURCE;
				MTL_FAST_MATH = YES;
				ONLY_ACTIVE_ARCH = YES;
				SDKROOT = iphoneos;
				SWIFT_ACTIVE_COMPILATION_CONDITIONS = DEBUG;
				SWIFT_OPTIMIZATION_LEVEL = "-Onone";
			};
			name = Debug;
		};
		F5B273B226B412E50088ADA7 /* Release */ = {
			isa = XCBuildConfiguration;
			buildSettings = {
				ALWAYS_SEARCH_USER_PATHS = NO;
				CLANG_ANALYZER_NONNULL = YES;
				CLANG_ANALYZER_NUMBER_OBJECT_CONVERSION = YES_AGGRESSIVE;
				CLANG_CXX_LANGUAGE_STANDARD = "gnu++14";
				CLANG_CXX_LIBRARY = "libc++";
				CLANG_ENABLE_MODULES = YES;
				CLANG_ENABLE_OBJC_ARC = YES;
				CLANG_ENABLE_OBJC_WEAK = YES;
				CLANG_WARN_BLOCK_CAPTURE_AUTORELEASING = YES;
				CLANG_WARN_BOOL_CONVERSION = YES;
				CLANG_WARN_COMMA = YES;
				CLANG_WARN_CONSTANT_CONVERSION = YES;
				CLANG_WARN_DEPRECATED_OBJC_IMPLEMENTATIONS = YES;
				CLANG_WARN_DIRECT_OBJC_ISA_USAGE = YES_ERROR;
				CLANG_WARN_DOCUMENTATION_COMMENTS = YES;
				CLANG_WARN_EMPTY_BODY = YES;
				CLANG_WARN_ENUM_CONVERSION = YES;
				CLANG_WARN_INFINITE_RECURSION = YES;
				CLANG_WARN_INT_CONVERSION = YES;
				CLANG_WARN_NON_LITERAL_NULL_CONVERSION = YES;
				CLANG_WARN_OBJC_IMPLICIT_RETAIN_SELF = YES;
				CLANG_WARN_OBJC_LITERAL_CONVERSION = YES;
				CLANG_WARN_OBJC_ROOT_CLASS = YES_ERROR;
				CLANG_WARN_QUOTED_INCLUDE_IN_FRAMEWORK_HEADER = YES;
				CLANG_WARN_RANGE_LOOP_ANALYSIS = YES;
				CLANG_WARN_STRICT_PROTOTYPES = YES;
				CLANG_WARN_SUSPICIOUS_MOVE = YES;
				CLANG_WARN_UNGUARDED_AVAILABILITY = YES_AGGRESSIVE;
				CLANG_WARN_UNREACHABLE_CODE = YES;
				CLANG_WARN__DUPLICATE_METHOD_MATCH = YES;
				COPY_PHASE_STRIP = NO;
				DEBUG_INFORMATION_FORMAT = "dwarf-with-dsym";
				ENABLE_NS_ASSERTIONS = NO;
				ENABLE_STRICT_OBJC_MSGSEND = YES;
				GCC_C_LANGUAGE_STANDARD = gnu11;
				GCC_NO_COMMON_BLOCKS = YES;
				GCC_WARN_64_TO_32_BIT_CONVERSION = YES;
				GCC_WARN_ABOUT_RETURN_TYPE = YES_ERROR;
				GCC_WARN_UNDECLARED_SELECTOR = YES;
				GCC_WARN_UNINITIALIZED_AUTOS = YES_AGGRESSIVE;
				GCC_WARN_UNUSED_FUNCTION = YES;
				GCC_WARN_UNUSED_VARIABLE = YES;
				IPHONEOS_DEPLOYMENT_TARGET = 14.5;
				MTL_ENABLE_DEBUG_INFO = NO;
				MTL_FAST_MATH = YES;
				SDKROOT = iphoneos;
				SWIFT_COMPILATION_MODE = wholemodule;
				SWIFT_OPTIMIZATION_LEVEL = "-O";
				VALIDATE_PRODUCT = YES;
			};
			name = Release;
		};
		F5B273B426B412E50088ADA7 /* Debug */ = {
			isa = XCBuildConfiguration;
			buildSettings = {
				ASSETCATALOG_COMPILER_APPICON_NAME = AppIcon;
				ASSETCATALOG_COMPILER_GLOBAL_ACCENT_COLOR_NAME = AccentColor;
				CODE_SIGN_STYLE = Automatic;
				INFOPLIST_FILE = "Poket Interview/Info.plist";
				LD_RUNPATH_SEARCH_PATHS = (
					"$(inherited)",
					"@executable_path/Frameworks",
				);
				PRODUCT_BUNDLE_IDENTIFIER = "com.ramkumar.Poket-Interview";
				PRODUCT_NAME = "$(TARGET_NAME)";
				SWIFT_VERSION = 5.0;
				TARGETED_DEVICE_FAMILY = "1,2";
			};
			name = Debug;
		};
		F5B273B526B412E50088ADA7 /* Release */ = {
			isa = XCBuildConfiguration;
			buildSettings = {
				ASSETCATALOG_COMPILER_APPICON_NAME = AppIcon;
				ASSETCATALOG_COMPILER_GLOBAL_ACCENT_COLOR_NAME = AccentColor;
				CODE_SIGN_STYLE = Automatic;
				INFOPLIST_FILE = "Poket Interview/Info.plist";
				LD_RUNPATH_SEARCH_PATHS = (
					"$(inherited)",
					"@executable_path/Frameworks",
				);
				PRODUCT_BUNDLE_IDENTIFIER = "com.ramkumar.Poket-Interview";
				PRODUCT_NAME = "$(TARGET_NAME)";
				SWIFT_VERSION = 5.0;
				TARGETED_DEVICE_FAMILY = "1,2";
			};
			name = Release;
		};
/* End XCBuildConfiguration section */

/* Begin XCConfigurationList section */
		F5B2739A26B412E00088ADA7 /* Build configuration list for PBXProject "Poket Interview" */ = {
			isa = XCConfigurationList;
			buildConfigurations = (
				F5B273B126B412E50088ADA7 /* Debug */,
				F5B273B226B412E50088ADA7 /* Release */,
			);
			defaultConfigurationIsVisible = 0;
			defaultConfigurationName = Release;
		};
		F5B273B326B412E50088ADA7 /* Build configuration list for PBXNativeTarget "Poket Interview" */ = {
			isa = XCConfigurationList;
			buildConfigurations = (
				F5B273B426B412E50088ADA7 /* Debug */,
				F5B273B526B412E50088ADA7 /* Release */,
			);
			defaultConfigurationIsVisible = 0;
			defaultConfigurationName = Release;
		};
/* End XCConfigurationList section */
	};
	rootObject = F5B2739726B412E00088ADA7 /* Project object */;
}
